
Microsoft Visual Studio Solution File, Format Version 12.00
# Visual Studio 15
VisualStudioVersion = 15.0.28010.2048
MinimumVisualStudioVersion = 10.0.40219.1
Project("{FAE04EC0-301F-11D3-BF4B-00C04F79EFBC}") = "RatedLists.Backend", "RatedLists.Backend\RatedLists.Backend.csproj", "{1C4965CD-FDB4-44BF-835C-22D81F3C95A0}"
EndProject
Global
	GlobalSection(SolutionConfigurationPlatforms) = preSolution
		Debug|Any CPU = Debug|Any CPU
		Release|Any CPU = Release|Any CPU
	EndGlobalSection
	GlobalSection(ProjectConfigurationPlatforms) = postSolution
		{1C4965CD-FDB4-44BF-835C-22D81F3C95A0}.Debug|Any CPU.ActiveCfg = Debug|Any CPU
		{1C4965CD-FDB4-44BF-835C-22D81F3C95A0}.Debug|Any CPU.Build.0 = Debug|Any CPU
		{1C4965CD-FDB4-44BF-835C-22D81F3C95A0}.Release|Any CPU.ActiveCfg = Release|Any CPU
		{1C4965CD-FDB4-44BF-835C-22D81F3C95A0}.Release|Any CPU.Build.0 = Release|Any CPU
	EndGlobalSection
	GlobalSection(SolutionProperties) = preSolution
		HideSolutionNode = FALSE
	EndGlobalSection
	GlobalSection(ExtensibilityGlobals) = postSolution
		SolutionGuid = {09CE6C80-E8BA-4A5F-9B96-1D354F52CFBE}
	EndGlobalSection
EndGlobal
